<?xml version="1.0" encoding="utf-8"?>
<Project ToolsVersion="4.0" xmlns="http://schemas.microsoft.com/developer/msbuild/2003">
  <ItemGroup>
    <Filter Include="소스 파일">
      <UniqueIdentifier>{4FC737F1-C7A5-4376-A066-2A32D752A2FF}</UniqueIdentifier>
      <Extensions>cpp;c;cc;cxx;def;odl;idl;hpj;bat;asm;asmx</Extensions>
    </Filter>
    <Filter Include="헤더 파일">
      <UniqueIdentifier>{93995380-89BD-4b04-88EB-625FBE52EBFB}</UniqueIdentifier>
      <Extensions>h;hh;hpp;hxx;hm;inl;inc;ipp;xsd</Extensions>
    </Filter>
    <Filter Include="리소스 파일">
      <UniqueIdentifier>{67DA6AB6-F800-4c08-8B7A-83BB121AAD01}</UniqueIdentifier>
      <Extensions>rc;ico;cur;bmp;dlg;rc2;rct;bin;rgs;gif;jpg;jpeg;jpe;resx;tiff;tif;png;wav;mfcribbon-ms</Extensions>
    </Filter>
    <Filter Include="MainGame">
      <UniqueIdentifier>{6427f36c-77bc-4987-9585-41f4a1c9a8b7}</UniqueIdentifier>
    </Filter>
    <Filter Include="2DFrameWork">
      <UniqueIdentifier>{9b68369b-c845-4774-bff0-71dc711a7638}</UniqueIdentifier>
    </Filter>
    <Filter Include="2DFrameWork\Image">
      <UniqueIdentifier>{173f37c8-5fb7-434e-8d50-c7958629c29d}</UniqueIdentifier>
    </Filter>
    <Filter Include="2DFrameWork\Timer">
      <UniqueIdentifier>{6744bb91-8879-47f6-99c1-4cc9a1114cb8}</UniqueIdentifier>
    </Filter>
    <Filter Include="2DFrameWork\KeyManager">
      <UniqueIdentifier>{684287ff-5904-483e-8cb6-694e8d65b85e}</UniqueIdentifier>
    </Filter>
    <Filter Include="MainGame\MainScene">
      <UniqueIdentifier>{2ea6861e-762d-4ba4-b8e4-a0817492bc6c}</UniqueIdentifier>
    </Filter>
    <Filter Include="MainGame\TitleScene">
      <UniqueIdentifier>{d0760a25-e469-49da-9980-d19a926c4c96}</UniqueIdentifier>
    </Filter>
    <Filter Include="MainGame\BattleScene">
      <UniqueIdentifier>{0851b316-be62-4593-bdd6-d5d05daf0832}</UniqueIdentifier>
    </Filter>
    <Filter Include="MainGame\Player">
      <UniqueIdentifier>{fb338172-3a6d-4945-b7c4-43816570c5af}</UniqueIdentifier>
    </Filter>
    <Filter Include="MainGame\Enemy">
      <UniqueIdentifier>{cf8359a3-b698-45fd-be5e-de11f75bc74b}</UniqueIdentifier>
    </Filter>
  </ItemGroup>
  <ItemGroup>
    <ClCompile Include="main.cpp">
      <Filter>소스 파일</Filter>
    </ClCompile>
    <ClCompile Include="MainGame.cpp">
      <Filter>MainGame</Filter>
    </ClCompile>
    <ClCompile Include="GameNode.cpp">
      <Filter>2DFrameWork</Filter>
    </ClCompile>
    <ClCompile Include="Timer.cpp">
      <Filter>2DFrameWork\Timer</Filter>
    </ClCompile>
    <ClCompile Include="TimerManager.cpp">
      <Filter>2DFrameWork\Timer</Filter>
    </ClCompile>
    <ClCompile Include="KeyManager.cpp">
      <Filter>2DFrameWork\KeyManager</Filter>
    </ClCompile>
    <ClCompile Include="Image.cpp">
      <Filter>2DFrameWork\Image</Filter>
    </ClCompile>
    <ClCompile Include="ImageManager.cpp">
      <Filter>2DFrameWork\Image</Filter>
    </ClCompile>
    <ClCompile Include="TitleScene.cpp">
      <Filter>MainGame\TitleScene</Filter>
    </ClCompile>
    <ClCompile Include="MainScene.cpp">
      <Filter>MainGame\MainScene</Filter>
    </ClCompile>
    <ClCompile Include="EasyModeUI.cpp">
      <Filter>MainGame\MainScene</Filter>
    </ClCompile>
    <ClCompile Include="HardModeUi.cpp">
      <Filter>MainGame\MainScene</Filter>
    </ClCompile>
    <ClCompile Include="BattleScene.cpp">
      <Filter>MainGame\BattleScene</Filter>
    </ClCompile>
    <ClCompile Include="UI.cpp">
      <Filter>MainGame\BattleScene</Filter>
    </ClCompile>
    <ClCompile Include="Player.cpp">
      <Filter>MainGame\Player</Filter>
    </ClCompile>
    <ClCompile Include="Enemy.cpp">
      <Filter>MainGame\Enemy</Filter>
    </ClCompile>
    <ClCompile Include="EMissileManager.cpp">
      <Filter>MainGame\Enemy</Filter>
    </ClCompile>
    <ClCompile Include="EMissile.cpp">
      <Filter>MainGame\Enemy</Filter>
    </ClCompile>
    <ClCompile Include="PMissileManager.cpp">
      <Filter>MainGame\Player</Filter>
    </ClCompile>
    <ClCompile Include="PMissile.cpp">
      <Filter>MainGame\Player</Filter>
    </ClCompile>
    <ClCompile Include="EnemyManager.cpp">
      <Filter>MainGame\Enemy</Filter>
    </ClCompile>
  </ItemGroup>
  <ItemGroup>
    <ClInclude Include="pch.h">
      <Filter>헤더 파일</Filter>
    </ClInclude>
    <ClInclude Include="MainGame.h">
      <Filter>MainGame</Filter>
    </ClInclude>
    <ClInclude Include="GameNode.h">
      <Filter>2DFrameWork</Filter>
    </ClInclude>
    <ClInclude Include="Timer.h">
      <Filter>2DFrameWork\Timer</Filter>
    </ClInclude>
    <ClInclude Include="Singleton.h">
      <Filter>2DFrameWork</Filter>
    </ClInclude>
    <ClInclude Include="TimerManager.h">
      <Filter>2DFrameWork\Timer</Filter>
    </ClInclude>
    <ClInclude Include="KeyManager.h">
      <Filter>2DFrameWork\KeyManager</Filter>
    </ClInclude>
    <ClInclude Include="Image.h">
      <Filter>2DFrameWork\Image</Filter>
    </ClInclude>
    <ClInclude Include="ImageManager.h">
      <Filter>2DFrameWork\Image</Filter>
    </ClInclude>
    <ClInclude Include="TitleScene.h">
      <Filter>MainGame\TitleScene</Filter>
    </ClInclude>
    <ClInclude Include="MainScene.h">
      <Filter>MainGame\MainScene</Filter>
    </ClInclude>
    <ClInclude Include="EasyModeUI.h">
      <Filter>MainGame\MainScene</Filter>
    </ClInclude>
    <ClInclude Include="HardModeUi.h">
      <Filter>MainGame\MainScene</Filter>
    </ClInclude>
    <ClInclude Include="BattleScene.h">
      <Filter>MainGame\BattleScene</Filter>
    </ClInclude>
    <ClInclude Include="UI.h">
      <Filter>MainGame\BattleScene</Filter>
    </ClInclude>
    <ClInclude Include="Player.h">
      <Filter>MainGame\Player</Filter>
    </ClInclude>
    <ClInclude Include="Enemy.h">
      <Filter>MainGame\Enemy</Filter>
    </ClInclude>
    <ClInclude Include="EMissileManager.h">
      <Filter>MainGame\Enemy</Filter>
    </ClInclude>
    <ClInclude Include="EMissile.h">
      <Filter>MainGame\Enemy</Filter>
    </ClInclude>
    <ClInclude Include="PMissileManager.h">
      <Filter>MainGame\Player</Filter>
    </ClInclude>
    <ClInclude Include="PMissile.h">
      <Filter>MainGame\Player</Filter>
    </ClInclude>
    <ClInclude Include="EnemyManager.h">
      <Filter>MainGame\Enemy</Filter>
    </ClInclude>
  </ItemGroup>
</Project>